
Microsoft Visual Studio Solution File, Format Version 12.00
# Visual Studio Version 17
VisualStudioVersion = 17.13.35806.99
MinimumVisualStudioVersion = 10.0.40219.1
Project("{FAE04EC0-301F-11D3-BF4B-00C04F79EFBC}") = "Test_3TierAPI", "Test_3TierAPI\Test_3TierAPI.csproj", "{F1EEEE6F-8F52-4C1D-B7D2-9CADD2AE2064}"
EndProject
Global
	GlobalSection(SolutionConfigurationPlatforms) = preSolution
		Debug|Any CPU = Debug|Any CPU
		Release|Any CPU = Release|Any CPU
	EndGlobalSection
	GlobalSection(ProjectConfigurationPlatforms) = postSolution
		{F1EEEE6F-8F52-4C1D-B7D2-9CADD2AE2064}.Debug|Any CPU.ActiveCfg = Debug|Any CPU
		{F1EEEE6F-8F52-4C1D-B7D2-9CADD2AE2064}.Debug|Any CPU.Build.0 = Debug|Any CPU
		{F1EEEE6F-8F52-4C1D-B7D2-9CADD2AE2064}.Release|Any CPU.ActiveCfg = Release|Any CPU
		{F1EEEE6F-8F52-4C1D-B7D2-9CADD2AE2064}.Release|Any CPU.Build.0 = Release|Any CPU
	EndGlobalSection
	GlobalSection(SolutionProperties) = preSolution
		HideSolutionNode = FALSE
	EndGlobalSection
	GlobalSection(ExtensibilityGlobals) = postSolution
		SolutionGuid = {3951648F-4B18-4990-A51C-9D9C7549B9E0}
	EndGlobalSection
EndGlobal
